// !$*UTF8*$!
{
	archiveVersion = 1;
	classes = {
	};
	objectVersion = 55;
	objects = {

/* Begin PBXBuildFile section */
		CF08D2D628AA62EC002F30CE /* RelaxAppApp.swift in Sources */ = {isa = PBXBuildFile; fileRef = CF08D2D528AA62EC002F30CE /* RelaxAppApp.swift */; };
		CF08D2D828AA62EC002F30CE /* RootView.swift in Sources */ = {isa = PBXBuildFile; fileRef = CF08D2D728AA62EC002F30CE /* RootView.swift */; };
		CF08D2DA28AA62EC002F30CE /* Assets.xcassets in Resources */ = {isa = PBXBuildFile; fileRef = CF08D2D928AA62EC002F30CE /* Assets.xcassets */; };
		CF08D2DD28AA62EC002F30CE /* Preview Assets.xcassets in Resources */ = {isa = PBXBuildFile; fileRef = CF08D2DC28AA62EC002F30CE /* Preview Assets.xcassets */; };
		CF08D30428AA63C2002F30CE /* NoiseBlock.swift in Sources */ = {isa = PBXBuildFile; fileRef = CF08D30328AA63C2002F30CE /* NoiseBlock.swift */; };
		CF08D34428AA887C002F30CE /* BuiltinSounds.swift in Sources */ = {isa = PBXBuildFile; fileRef = CF08D34328AA887C002F30CE /* BuiltinSounds.swift */; };
		CF391CE528AF4FF000026B70 /* VarelaRound-Regular.ttf in Resources */ = {isa = PBXBuildFile; fileRef = CF391CE328AF4FF000026B70 /* VarelaRound-Regular.ttf */; };
		CF391CE628AF4FF000026B70 /* OFL.txt in Resources */ = {isa = PBXBuildFile; fileRef = CF391CE428AF4FF000026B70 /* OFL.txt */; };
		CF391CE828AF513800026B70 /* Mayor.ttf in Resources */ = {isa = PBXBuildFile; fileRef = CF391CE728AF511500026B70 /* Mayor.ttf */; };
		CF391CE928AF557400026B70 /* White.mp3 in Resources */ = {isa = PBXBuildFile; fileRef = CF391CDD28AF3F0C00026B70 /* White.mp3 */; };
		CF391CEA28AF557600026B70 /* Brown.mp3 in Resources */ = {isa = PBXBuildFile; fileRef = CF391CDB28AF3BE800026B70 /* Brown.mp3 */; };
		CF391CEC28AF618700026B70 /* Rain.mp3 in Resources */ = {isa = PBXBuildFile; fileRef = CF391CEB28AF618700026B70 /* Rain.mp3 */; };
		CF391CF228AF74BD00026B70 /* Fire.mp3 in Resources */ = {isa = PBXBuildFile; fileRef = CF391CF128AF74BD00026B70 /* Fire.mp3 */; };
		CF391D3628AF852500026B70 /* UnitTests.swift in Sources */ = {isa = PBXBuildFile; fileRef = CF391D3528AF852500026B70 /* UnitTests.swift */; };
		CF391D3C28AF85A100026B70 /* NoiseBlock.swift in Sources */ = {isa = PBXBuildFile; fileRef = CF08D30328AA63C2002F30CE /* NoiseBlock.swift */; };
		CF391D3E28AF85A100026B70 /* PlayBackBar.swift in Sources */ = {isa = PBXBuildFile; fileRef = CF74D6E128ACCE8C003104FF /* PlayBackBar.swift */; };
		CF391D3F28AF85A100026B70 /* AudioHandler.swift in Sources */ = {isa = PBXBuildFile; fileRef = CF612EA228AB6C6200AA8B9C /* AudioHandler.swift */; };
		CF391D4028AF85A100026B70 /* RootView.swift in Sources */ = {isa = PBXBuildFile; fileRef = CF08D2D728AA62EC002F30CE /* RootView.swift */; };
		CF391D4128AF85A100026B70 /* StateManager.swift in Sources */ = {isa = PBXBuildFile; fileRef = CF612E9A28AB692200AA8B9C /* StateManager.swift */; };
		CF391D4228AF85A100026B70 /* TrackListView.swift in Sources */ = {isa = PBXBuildFile; fileRef = CF612E9E28AB6AAE00AA8B9C /* TrackListView.swift */; };
		CF391D4328AF85A100026B70 /* Custom Models.swift in Sources */ = {isa = PBXBuildFile; fileRef = CF612E9C28AB695300AA8B9C /* Custom Models.swift */; };
		CF391D4428AF85A100026B70 /* BuiltinSounds.swift in Sources */ = {isa = PBXBuildFile; fileRef = CF08D34328AA887C002F30CE /* BuiltinSounds.swift */; };
		CF391D4628AF85A100026B70 /* SoundDetailView.swift in Sources */ = {isa = PBXBuildFile; fileRef = CF612EA028AB6C3600AA8B9C /* SoundDetailView.swift */; };
		CF391D4728AF85A100026B70 /* RelaxAppApp.swift in Sources */ = {isa = PBXBuildFile; fileRef = CF08D2D528AA62EC002F30CE /* RelaxAppApp.swift */; };
		CF391D4B28B0892600026B70 /* OptionsView.swift in Sources */ = {isa = PBXBuildFile; fileRef = CF391D4A28B0892600026B70 /* OptionsView.swift */; };
		CF49E23E28DAB9370073D201 /* Popovers in Frameworks */ = {isa = PBXBuildFile; productRef = CF49E23D28DAB9370073D201 /* Popovers */; };
		CF612E9B28AB692200AA8B9C /* StateManager.swift in Sources */ = {isa = PBXBuildFile; fileRef = CF612E9A28AB692200AA8B9C /* StateManager.swift */; };
		CF612E9D28AB695300AA8B9C /* Custom Models.swift in Sources */ = {isa = PBXBuildFile; fileRef = CF612E9C28AB695300AA8B9C /* Custom Models.swift */; };
		CF612E9F28AB6AAE00AA8B9C /* TrackListView.swift in Sources */ = {isa = PBXBuildFile; fileRef = CF612E9E28AB6AAE00AA8B9C /* TrackListView.swift */; };
		CF612EA128AB6C3600AA8B9C /* SoundDetailView.swift in Sources */ = {isa = PBXBuildFile; fileRef = CF612EA028AB6C3600AA8B9C /* SoundDetailView.swift */; };
		CF612EA328AB6C6200AA8B9C /* AudioHandler.swift in Sources */ = {isa = PBXBuildFile; fileRef = CF612EA228AB6C6200AA8B9C /* AudioHandler.swift */; };
		CF644E9E28B1BF9700270901 /* DebugView.swift in Sources */ = {isa = PBXBuildFile; fileRef = CF644E9D28B1BF9700270901 /* DebugView.swift */; };
		CF66A6CF28D82E6A001C379B /* TrackListScrollView.swift in Sources */ = {isa = PBXBuildFile; fileRef = CF7A07CD28D557420048B5D1 /* TrackListScrollView.swift */; };
		CF66A6D028D82E6A001C379B /* TrackListScrollView.swift in Sources */ = {isa = PBXBuildFile; fileRef = CF7A07CD28D557420048B5D1 /* TrackListScrollView.swift */; };
		CF66A6EC28D95F96001C379B /* LayeredSoundView.swift in Sources */ = {isa = PBXBuildFile; fileRef = CF66A6EB28D95F96001C379B /* LayeredSoundView.swift */; };
		CF66A6ED28D95FBA001C379B /* LayeredSoundView.swift in Sources */ = {isa = PBXBuildFile; fileRef = CF66A6EB28D95F96001C379B /* LayeredSoundView.swift */; };
		CF66A6EE28D95FBA001C379B /* LayeredSoundView.swift in Sources */ = {isa = PBXBuildFile; fileRef = CF66A6EB28D95F96001C379B /* LayeredSoundView.swift */; };
		CF66A6F028D97F62001C379B /* MixerButton.swift in Sources */ = {isa = PBXBuildFile; fileRef = CF66A6EF28D97F62001C379B /* MixerButton.swift */; };
		CF74D6E228ACCE8C003104FF /* PlayBackBar.swift in Sources */ = {isa = PBXBuildFile; fileRef = CF74D6E128ACCE8C003104FF /* PlayBackBar.swift */; };
		CF7A07CE28D557420048B5D1 /* TrackListScrollView.swift in Sources */ = {isa = PBXBuildFile; fileRef = CF7A07CD28D557420048B5D1 /* TrackListScrollView.swift */; };
		CF8105D128B482320065E13B /* GyroManager.swift in Sources */ = {isa = PBXBuildFile; fileRef = CF8105D028B482320065E13B /* GyroManager.swift */; };
		CFBD196928C8580D00F8C6A3 /* RelaxAppUITests.swift in Sources */ = {isa = PBXBuildFile; fileRef = CFBD196828C8580D00F8C6A3 /* RelaxAppUITests.swift */; };
		CFBD196B28C8580D00F8C6A3 /* RelaxAppUITestsLaunchTests.swift in Sources */ = {isa = PBXBuildFile; fileRef = CFBD196A28C8580D00F8C6A3 /* RelaxAppUITestsLaunchTests.swift */; };
		CFBD197128C8582A00F8C6A3 /* RootView.swift in Sources */ = {isa = PBXBuildFile; fileRef = CF08D2D728AA62EC002F30CE /* RootView.swift */; };
		CFBD197228C8582A00F8C6A3 /* OptionsView.swift in Sources */ = {isa = PBXBuildFile; fileRef = CF391D4A28B0892600026B70 /* OptionsView.swift */; };
		CFBD197328C8582A00F8C6A3 /* NoiseBlock.swift in Sources */ = {isa = PBXBuildFile; fileRef = CF08D30328AA63C2002F30CE /* NoiseBlock.swift */; };
		CFBD197428C8582A00F8C6A3 /* PlayBackBar.swift in Sources */ = {isa = PBXBuildFile; fileRef = CF74D6E128ACCE8C003104FF /* PlayBackBar.swift */; };
		CFBD197528C8582A00F8C6A3 /* SoundDetailView.swift in Sources */ = {isa = PBXBuildFile; fileRef = CF612EA028AB6C3600AA8B9C /* SoundDetailView.swift */; };
		CFBD197628C8582A00F8C6A3 /* RelaxAppApp.swift in Sources */ = {isa = PBXBuildFile; fileRef = CF08D2D528AA62EC002F30CE /* RelaxAppApp.swift */; };
		CFBD197728C8582A00F8C6A3 /* TrackListView.swift in Sources */ = {isa = PBXBuildFile; fileRef = CF612E9E28AB6AAE00AA8B9C /* TrackListView.swift */; };
		CFBD197828C8582C00F8C6A3 /* BuiltinSounds.swift in Sources */ = {isa = PBXBuildFile; fileRef = CF08D34328AA887C002F30CE /* BuiltinSounds.swift */; };
		CFBD197928C8582C00F8C6A3 /* DebugView.swift in Sources */ = {isa = PBXBuildFile; fileRef = CF644E9D28B1BF9700270901 /* DebugView.swift */; };
		CFBD197A28C8582F00F8C6A3 /* Custom Models.swift in Sources */ = {isa = PBXBuildFile; fileRef = CF612E9C28AB695300AA8B9C /* Custom Models.swift */; };
		CFBD197B28C8582F00F8C6A3 /* GyroManager.swift in Sources */ = {isa = PBXBuildFile; fileRef = CF8105D028B482320065E13B /* GyroManager.swift */; };
		CFBD197C28C8582F00F8C6A3 /* StateManager.swift in Sources */ = {isa = PBXBuildFile; fileRef = CF612E9A28AB692200AA8B9C /* StateManager.swift */; };
		CFBD197D28C8583200F8C6A3 /* AudioHandler.swift in Sources */ = {isa = PBXBuildFile; fileRef = CF612EA228AB6C6200AA8B9C /* AudioHandler.swift */; };
		CFBD197E28C8583500F8C6A3 /* Brown.mp3 in Resources */ = {isa = PBXBuildFile; fileRef = CF391CDB28AF3BE800026B70 /* Brown.mp3 */; };
		CFBD197F28C8583500F8C6A3 /* Fire.mp3 in Resources */ = {isa = PBXBuildFile; fileRef = CF391CF128AF74BD00026B70 /* Fire.mp3 */; };
		CFBD198028C8583500F8C6A3 /* White.mp3 in Resources */ = {isa = PBXBuildFile; fileRef = CF391CDD28AF3F0C00026B70 /* White.mp3 */; };
		CFBD198128C8583500F8C6A3 /* Rain.mp3 in Resources */ = {isa = PBXBuildFile; fileRef = CF391CEB28AF618700026B70 /* Rain.mp3 */; };
		CFBD198228C8583800F8C6A3 /* OFL.txt in Resources */ = {isa = PBXBuildFile; fileRef = CF391CE428AF4FF000026B70 /* OFL.txt */; };
		CFBD198328C8583800F8C6A3 /* VarelaRound-Regular.ttf in Resources */ = {isa = PBXBuildFile; fileRef = CF391CE328AF4FF000026B70 /* VarelaRound-Regular.ttf */; };
		CFBD198428C8583800F8C6A3 /* Mayor.ttf in Resources */ = {isa = PBXBuildFile; fileRef = CF391CE728AF511500026B70 /* Mayor.ttf */; };
		CFBD198528C85BC900F8C6A3 /* Assets.xcassets in Resources */ = {isa = PBXBuildFile; fileRef = CF08D2D928AA62EC002F30CE /* Assets.xcassets */; };
		CFBD198628C85BC900F8C6A3 /* Assets.xcassets in Resources */ = {isa = PBXBuildFile; fileRef = CF08D2D928AA62EC002F30CE /* Assets.xcassets */; };
		CFBD198828C86CC600F8C6A3 /* GyroManager.swift in Sources */ = {isa = PBXBuildFile; fileRef = CF8105D028B482320065E13B /* GyroManager.swift */; };
		CFBD198928C86CCD00F8C6A3 /* DebugView.swift in Sources */ = {isa = PBXBuildFile; fileRef = CF644E9D28B1BF9700270901 /* DebugView.swift */; };
		CFBD198A28C86CD200F8C6A3 /* OptionsView.swift in Sources */ = {isa = PBXBuildFile; fileRef = CF391D4A28B0892600026B70 /* OptionsView.swift */; };
/* End PBXBuildFile section */

/* Begin PBXContainerItemProxy section */
		CF391D3728AF852500026B70 /* PBXContainerItemProxy */ = {
			isa = PBXContainerItemProxy;
			containerPortal = CF08D2CA28AA62EC002F30CE /* Project object */;
			proxyType = 1;
			remoteGlobalIDString = CF08D2D128AA62EC002F30CE;
			remoteInfo = RelaxApp;
		};
		CFBD196C28C8580D00F8C6A3 /* PBXContainerItemProxy */ = {
			isa = PBXContainerItemProxy;
			containerPortal = CF08D2CA28AA62EC002F30CE /* Project object */;
			proxyType = 1;
			remoteGlobalIDString = CF08D2D128AA62EC002F30CE;
			remoteInfo = RelaxApp;
		};
/* End PBXContainerItemProxy section */

/* Begin PBXFileReference section */
		CF08D2D228AA62EC002F30CE /* RelaxApp.app */ = {isa = PBXFileReference; explicitFileType = wrapper.application; includeInIndex = 0; path = RelaxApp.app; sourceTree = BUILT_PRODUCTS_DIR; };
		CF08D2D528AA62EC002F30CE /* RelaxAppApp.swift */ = {isa = PBXFileReference; lastKnownFileType = sourcecode.swift; path = RelaxAppApp.swift; sourceTree = "<group>"; };
		CF08D2D728AA62EC002F30CE /* RootView.swift */ = {isa = PBXFileReference; lastKnownFileType = sourcecode.swift; path = RootView.swift; sourceTree = "<group>"; };
		CF08D2D928AA62EC002F30CE /* Assets.xcassets */ = {isa = PBXFileReference; lastKnownFileType = folder.assetcatalog; path = Assets.xcassets; sourceTree = "<group>"; };
		CF08D2DC28AA62EC002F30CE /* Preview Assets.xcassets */ = {isa = PBXFileReference; lastKnownFileType = folder.assetcatalog; path = "Preview Assets.xcassets"; sourceTree = "<group>"; };
		CF08D30328AA63C2002F30CE /* NoiseBlock.swift */ = {isa = PBXFileReference; lastKnownFileType = sourcecode.swift; path = NoiseBlock.swift; sourceTree = "<group>"; };
		CF08D34328AA887C002F30CE /* BuiltinSounds.swift */ = {isa = PBXFileReference; fileEncoding = 4; lastKnownFileType = sourcecode.swift; path = BuiltinSounds.swift; sourceTree = "<group>"; };
		CF391CDB28AF3BE800026B70 /* Brown.mp3 */ = {isa = PBXFileReference; lastKnownFileType = audio.mp3; path = Brown.mp3; sourceTree = "<group>"; };
		CF391CDD28AF3F0C00026B70 /* White.mp3 */ = {isa = PBXFileReference; lastKnownFileType = audio.mp3; path = White.mp3; sourceTree = "<group>"; };
		CF391CE328AF4FF000026B70 /* VarelaRound-Regular.ttf */ = {isa = PBXFileReference; lastKnownFileType = file; path = "VarelaRound-Regular.ttf"; sourceTree = "<group>"; };
		CF391CE428AF4FF000026B70 /* OFL.txt */ = {isa = PBXFileReference; fileEncoding = 4; lastKnownFileType = text; path = OFL.txt; sourceTree = "<group>"; };
		CF391CE728AF511500026B70 /* Mayor.ttf */ = {isa = PBXFileReference; lastKnownFileType = file; path = Mayor.ttf; sourceTree = "<group>"; };
		CF391CEB28AF618700026B70 /* Rain.mp3 */ = {isa = PBXFileReference; lastKnownFileType = audio.mp3; path = Rain.mp3; sourceTree = "<group>"; };
		CF391CF128AF74BD00026B70 /* Fire.mp3 */ = {isa = PBXFileReference; lastKnownFileType = audio.mp3; path = Fire.mp3; sourceTree = "<group>"; };
		CF391D3328AF852500026B70 /* UnitTests.xctest */ = {isa = PBXFileReference; explicitFileType = wrapper.cfbundle; includeInIndex = 0; path = UnitTests.xctest; sourceTree = BUILT_PRODUCTS_DIR; };
		CF391D3528AF852500026B70 /* UnitTests.swift */ = {isa = PBXFileReference; lastKnownFileType = sourcecode.swift; path = UnitTests.swift; sourceTree = "<group>"; };
		CF391D4A28B0892600026B70 /* OptionsView.swift */ = {isa = PBXFileReference; lastKnownFileType = sourcecode.swift; path = OptionsView.swift; sourceTree = "<group>"; };
		CF612E9A28AB692200AA8B9C /* StateManager.swift */ = {isa = PBXFileReference; lastKnownFileType = sourcecode.swift; path = StateManager.swift; sourceTree = "<group>"; };
		CF612E9C28AB695300AA8B9C /* Custom Models.swift */ = {isa = PBXFileReference; lastKnownFileType = sourcecode.swift; path = "Custom Models.swift"; sourceTree = "<group>"; };
		CF612E9E28AB6AAE00AA8B9C /* TrackListView.swift */ = {isa = PBXFileReference; lastKnownFileType = sourcecode.swift; path = TrackListView.swift; sourceTree = "<group>"; };
		CF612EA028AB6C3600AA8B9C /* SoundDetailView.swift */ = {isa = PBXFileReference; lastKnownFileType = sourcecode.swift; path = SoundDetailView.swift; sourceTree = "<group>"; };
		CF612EA228AB6C6200AA8B9C /* AudioHandler.swift */ = {isa = PBXFileReference; lastKnownFileType = sourcecode.swift; name = AudioHandler.swift; path = RelaxApp/Audio/AudioHandler.swift; sourceTree = SOURCE_ROOT; };
		CF644E9D28B1BF9700270901 /* DebugView.swift */ = {isa = PBXFileReference; fileEncoding = 4; lastKnownFileType = sourcecode.swift; path = DebugView.swift; sourceTree = "<group>"; };
		CF66A6EB28D95F96001C379B /* LayeredSoundView.swift */ = {isa = PBXFileReference; lastKnownFileType = sourcecode.swift; path = LayeredSoundView.swift; sourceTree = "<group>"; };
		CF66A6EF28D97F62001C379B /* MixerButton.swift */ = {isa = PBXFileReference; lastKnownFileType = sourcecode.swift; path = MixerButton.swift; sourceTree = "<group>"; };
		CF74D6E028ACCAB7003104FF /* Info.plist */ = {isa = PBXFileReference; lastKnownFileType = text.plist; path = Info.plist; sourceTree = "<group>"; };
		CF74D6E128ACCE8C003104FF /* PlayBackBar.swift */ = {isa = PBXFileReference; lastKnownFileType = sourcecode.swift; path = PlayBackBar.swift; sourceTree = "<group>"; };
		CF7A07CD28D557420048B5D1 /* TrackListScrollView.swift */ = {isa = PBXFileReference; lastKnownFileType = sourcecode.swift; path = TrackListScrollView.swift; sourceTree = "<group>"; };
		CF8105D028B482320065E13B /* GyroManager.swift */ = {isa = PBXFileReference; lastKnownFileType = sourcecode.swift; path = GyroManager.swift; sourceTree = "<group>"; };
		CFBD196628C8580D00F8C6A3 /* RelaxAppUITests.xctest */ = {isa = PBXFileReference; explicitFileType = wrapper.cfbundle; includeInIndex = 0; path = RelaxAppUITests.xctest; sourceTree = BUILT_PRODUCTS_DIR; };
		CFBD196828C8580D00F8C6A3 /* RelaxAppUITests.swift */ = {isa = PBXFileReference; lastKnownFileType = sourcecode.swift; path = RelaxAppUITests.swift; sourceTree = "<group>"; };
		CFBD196A28C8580D00F8C6A3 /* RelaxAppUITestsLaunchTests.swift */ = {isa = PBXFileReference; lastKnownFileType = sourcecode.swift; path = RelaxAppUITestsLaunchTests.swift; sourceTree = "<group>"; };
/* End PBXFileReference section */

/* Begin PBXFrameworksBuildPhase section */
		CF08D2CF28AA62EC002F30CE /* Frameworks */ = {
			isa = PBXFrameworksBuildPhase;
			buildActionMask = 2147483647;
			files = (
				CF49E23E28DAB9370073D201 /* Popovers in Frameworks */,
			);
			runOnlyForDeploymentPostprocessing = 0;
		};
		CF391D3028AF852500026B70 /* Frameworks */ = {
			isa = PBXFrameworksBuildPhase;
			buildActionMask = 2147483647;
			files = (
			);
			runOnlyForDeploymentPostprocessing = 0;
		};
		CFBD196328C8580D00F8C6A3 /* Frameworks */ = {
			isa = PBXFrameworksBuildPhase;
			buildActionMask = 2147483647;
			files = (
			);
			runOnlyForDeploymentPostprocessing = 0;
		};
/* End PBXFrameworksBuildPhase section */

/* Begin PBXGroup section */
		CF08D2C928AA62EC002F30CE = {
			isa = PBXGroup;
			children = (
				CF391CE228AF4FE700026B70 /* Fonts */,
				CF74D6DF28ACB3B5003104FF /* Built-in audio */,
				CF08D2D428AA62EC002F30CE /* RelaxApp */,
				CF391D3428AF852500026B70 /* UnitTests */,
				CFBD196728C8580D00F8C6A3 /* RelaxAppUITests */,
				CF08D2D328AA62EC002F30CE /* Products */,
			);
			sourceTree = "<group>";
		};
		CF08D2D328AA62EC002F30CE /* Products */ = {
			isa = PBXGroup;
			children = (
				CF08D2D228AA62EC002F30CE /* RelaxApp.app */,
				CF391D3328AF852500026B70 /* UnitTests.xctest */,
				CFBD196628C8580D00F8C6A3 /* RelaxAppUITests.xctest */,
			);
			name = Products;
			sourceTree = "<group>";
		};
		CF08D2D428AA62EC002F30CE /* RelaxApp */ = {
			isa = PBXGroup;
			children = (
				CF74D6E028ACCAB7003104FF /* Info.plist */,
				CF612EA428AB716B00AA8B9C /* Audio */,
				CF612E9628AB68C000AA8B9C /* Model */,
				CF08D30828AA835F002F30CE /* Debug */,
				CF08D30128AA63AB002F30CE /* VIews */,
				CF08D2D528AA62EC002F30CE /* RelaxAppApp.swift */,
				CF08D2D928AA62EC002F30CE /* Assets.xcassets */,
				CF08D2DB28AA62EC002F30CE /* Preview Content */,
			);
			path = RelaxApp;
			sourceTree = "<group>";
		};
		CF08D2DB28AA62EC002F30CE /* Preview Content */ = {
			isa = PBXGroup;
			children = (
				CF08D2DC28AA62EC002F30CE /* Preview Assets.xcassets */,
			);
			path = "Preview Content";
			sourceTree = "<group>";
		};
		CF08D30128AA63AB002F30CE /* VIews */ = {
			isa = PBXGroup;
			children = (
				CF7A07CC28D54A4E0048B5D1 /* RootViews */,
				CF08D30228AA63B4002F30CE /* Subviews */,
				CF612E9E28AB6AAE00AA8B9C /* TrackListView.swift */,
				CF66A6EB28D95F96001C379B /* LayeredSoundView.swift */,
				CF612EA028AB6C3600AA8B9C /* SoundDetailView.swift */,
				CF391D4A28B0892600026B70 /* OptionsView.swift */,
				CF08D2D728AA62EC002F30CE /* RootView.swift */,
			);
			path = VIews;
			sourceTree = "<group>";
		};
		CF08D30228AA63B4002F30CE /* Subviews */ = {
			isa = PBXGroup;
			children = (
				CF08D30328AA63C2002F30CE /* NoiseBlock.swift */,
				CF74D6E128ACCE8C003104FF /* PlayBackBar.swift */,
				CF7A07CD28D557420048B5D1 /* TrackListScrollView.swift */,
				CF66A6EF28D97F62001C379B /* MixerButton.swift */,
			);
			path = Subviews;
			sourceTree = "<group>";
		};
		CF08D30828AA835F002F30CE /* Debug */ = {
			isa = PBXGroup;
			children = (
				CF644E9D28B1BF9700270901 /* DebugView.swift */,
			);
			path = Debug;
			sourceTree = "<group>";
		};
		CF391CE228AF4FE700026B70 /* Fonts */ = {
			isa = PBXGroup;
			children = (
				CF391CE728AF511500026B70 /* Mayor.ttf */,
				CF391CE428AF4FF000026B70 /* OFL.txt */,
				CF391CE328AF4FF000026B70 /* VarelaRound-Regular.ttf */,
			);
			path = Fonts;
			sourceTree = "<group>";
		};
		CF391D3428AF852500026B70 /* UnitTests */ = {
			isa = PBXGroup;
			children = (
				CF391D3528AF852500026B70 /* UnitTests.swift */,
			);
			path = UnitTests;
			sourceTree = "<group>";
		};
		CF612E9628AB68C000AA8B9C /* Model */ = {
			isa = PBXGroup;
			children = (
				CF612E9A28AB692200AA8B9C /* StateManager.swift */,
				CF612E9C28AB695300AA8B9C /* Custom Models.swift */,
				CF8105D028B482320065E13B /* GyroManager.swift */,
				CF08D34328AA887C002F30CE /* BuiltinSounds.swift */,
			);
			path = Model;
			sourceTree = "<group>";
		};
		CF612EA428AB716B00AA8B9C /* Audio */ = {
			isa = PBXGroup;
			children = (
				CF612EA228AB6C6200AA8B9C /* AudioHandler.swift */,
			);
			path = Audio;
			sourceTree = "<group>";
		};
		CF74D6DF28ACB3B5003104FF /* Built-in audio */ = {
			isa = PBXGroup;
			children = (
				CF391CDD28AF3F0C00026B70 /* White.mp3 */,
				CF391CEB28AF618700026B70 /* Rain.mp3 */,
				CF391CF128AF74BD00026B70 /* Fire.mp3 */,
				CF391CDB28AF3BE800026B70 /* Brown.mp3 */,
			);
			path = "Built-in audio";
			sourceTree = "<group>";
		};
		CF7A07CC28D54A4E0048B5D1 /* RootViews */ = {
			isa = PBXGroup;
			children = (
			);
			path = RootViews;
			sourceTree = "<group>";
		};
		CFBD196728C8580D00F8C6A3 /* RelaxAppUITests */ = {
			isa = PBXGroup;
			children = (
				CFBD196828C8580D00F8C6A3 /* RelaxAppUITests.swift */,
				CFBD196A28C8580D00F8C6A3 /* RelaxAppUITestsLaunchTests.swift */,
			);
			path = RelaxAppUITests;
			sourceTree = "<group>";
		};
/* End PBXGroup section */

/* Begin PBXNativeTarget section */
		CF08D2D128AA62EC002F30CE /* RelaxApp */ = {
			isa = PBXNativeTarget;
			buildConfigurationList = CF08D2F628AA62ED002F30CE /* Build configuration list for PBXNativeTarget "RelaxApp" */;
			buildPhases = (
				CF08D2CE28AA62EC002F30CE /* Sources */,
				CF08D2CF28AA62EC002F30CE /* Frameworks */,
				CF08D2D028AA62EC002F30CE /* Resources */,
			);
			buildRules = (
			);
			dependencies = (
			);
			name = RelaxApp;
			packageProductDependencies = (
				CF49E23D28DAB9370073D201 /* Popovers */,
			);
			productName = RelaxApp;
			productReference = CF08D2D228AA62EC002F30CE /* RelaxApp.app */;
			productType = "com.apple.product-type.application";
		};
		CF391D3228AF852500026B70 /* UnitTests */ = {
			isa = PBXNativeTarget;
			buildConfigurationList = CF391D3928AF852500026B70 /* Build configuration list for PBXNativeTarget "UnitTests" */;
			buildPhases = (
				CF391D2F28AF852500026B70 /* Sources */,
				CF391D3028AF852500026B70 /* Frameworks */,
				CF391D3128AF852500026B70 /* Resources */,
			);
			buildRules = (
			);
			dependencies = (
				CF391D3828AF852500026B70 /* PBXTargetDependency */,
			);
			name = UnitTests;
			productName = UnitTests;
			productReference = CF391D3328AF852500026B70 /* UnitTests.xctest */;
			productType = "com.apple.product-type.bundle.unit-test";
		};
		CFBD196528C8580D00F8C6A3 /* RelaxAppUITests */ = {
			isa = PBXNativeTarget;
			buildConfigurationList = CFBD196E28C8580D00F8C6A3 /* Build configuration list for PBXNativeTarget "RelaxAppUITests" */;
			buildPhases = (
				CFBD196228C8580D00F8C6A3 /* Sources */,
				CFBD196328C8580D00F8C6A3 /* Frameworks */,
				CFBD196428C8580D00F8C6A3 /* Resources */,
			);
			buildRules = (
			);
			dependencies = (
				CFBD196D28C8580D00F8C6A3 /* PBXTargetDependency */,
			);
			name = RelaxAppUITests;
			productName = RelaxAppUITests;
			productReference = CFBD196628C8580D00F8C6A3 /* RelaxAppUITests.xctest */;
			productType = "com.apple.product-type.bundle.ui-testing";
		};
/* End PBXNativeTarget section */

/* Begin PBXProject section */
		CF08D2CA28AA62EC002F30CE /* Project object */ = {
			isa = PBXProject;
			attributes = {
				BuildIndependentTargetsInParallel = 1;
				LastSwiftUpdateCheck = 1340;
				LastUpgradeCheck = 1340;
				TargetAttributes = {
					CF08D2D128AA62EC002F30CE = {
						CreatedOnToolsVersion = 13.4.1;
					};
					CF391D3228AF852500026B70 = {
						CreatedOnToolsVersion = 13.4.1;
						TestTargetID = CF08D2D128AA62EC002F30CE;
					};
					CFBD196528C8580D00F8C6A3 = {
						CreatedOnToolsVersion = 13.4.1;
						TestTargetID = CF08D2D128AA62EC002F30CE;
					};
				};
			};
			buildConfigurationList = CF08D2CD28AA62EC002F30CE /* Build configuration list for PBXProject "RelaxApp" */;
			compatibilityVersion = "Xcode 13.0";
			developmentRegion = en;
			hasScannedForEncodings = 0;
			knownRegions = (
				en,
				Base,
			);
			mainGroup = CF08D2C928AA62EC002F30CE;
			packageReferences = (
				CF49E23C28DAB9370073D201 /* XCRemoteSwiftPackageReference "Popovers" */,
			);
			productRefGroup = CF08D2D328AA62EC002F30CE /* Products */;
			projectDirPath = "";
			projectRoot = "";
			targets = (
				CF08D2D128AA62EC002F30CE /* RelaxApp */,
				CF391D3228AF852500026B70 /* UnitTests */,
				CFBD196528C8580D00F8C6A3 /* RelaxAppUITests */,
			);
		};
/* End PBXProject section */

/* Begin PBXResourcesBuildPhase section */
		CF08D2D028AA62EC002F30CE /* Resources */ = {
			isa = PBXResourcesBuildPhase;
			buildActionMask = 2147483647;
			files = (
				CF391CF228AF74BD00026B70 /* Fire.mp3 in Resources */,
				CF391CEC28AF618700026B70 /* Rain.mp3 in Resources */,
				CF391CE628AF4FF000026B70 /* OFL.txt in Resources */,
				CF08D2DD28AA62EC002F30CE /* Preview Assets.xcassets in Resources */,
				CF391CE828AF513800026B70 /* Mayor.ttf in Resources */,
				CF08D2DA28AA62EC002F30CE /* Assets.xcassets in Resources */,
				CF391CE928AF557400026B70 /* White.mp3 in Resources */,
				CF391CE528AF4FF000026B70 /* VarelaRound-Regular.ttf in Resources */,
				CF391CEA28AF557600026B70 /* Brown.mp3 in Resources */,
			);
			runOnlyForDeploymentPostprocessing = 0;
		};
		CF391D3128AF852500026B70 /* Resources */ = {
			isa = PBXResourcesBuildPhase;
			buildActionMask = 2147483647;
			files = (
				CFBD198628C85BC900F8C6A3 /* Assets.xcassets in Resources */,
			);
			runOnlyForDeploymentPostprocessing = 0;
		};
		CFBD196428C8580D00F8C6A3 /* Resources */ = {
			isa = PBXResourcesBuildPhase;
			buildActionMask = 2147483647;
			files = (
				CFBD198428C8583800F8C6A3 /* Mayor.ttf in Resources */,
				CFBD198228C8583800F8C6A3 /* OFL.txt in Resources */,
				CFBD198128C8583500F8C6A3 /* Rain.mp3 in Resources */,
				CFBD198028C8583500F8C6A3 /* White.mp3 in Resources */,
				CFBD197F28C8583500F8C6A3 /* Fire.mp3 in Resources */,
				CFBD197E28C8583500F8C6A3 /* Brown.mp3 in Resources */,
				CFBD198528C85BC900F8C6A3 /* Assets.xcassets in Resources */,
				CFBD198328C8583800F8C6A3 /* VarelaRound-Regular.ttf in Resources */,
			);
			runOnlyForDeploymentPostprocessing = 0;
		};
/* End PBXResourcesBuildPhase section */

/* Begin PBXSourcesBuildPhase section */
		CF08D2CE28AA62EC002F30CE /* Sources */ = {
			isa = PBXSourcesBuildPhase;
			buildActionMask = 2147483647;
			files = (
				CF74D6E228ACCE8C003104FF /* PlayBackBar.swift in Sources */,
				CF08D2D828AA62EC002F30CE /* RootView.swift in Sources */,
				CF612E9B28AB692200AA8B9C /* StateManager.swift in Sources */,
				CF612EA128AB6C3600AA8B9C /* SoundDetailView.swift in Sources */,
				CF612E9F28AB6AAE00AA8B9C /* TrackListView.swift in Sources */,
				CF8105D128B482320065E13B /* GyroManager.swift in Sources */,
				CF612E9D28AB695300AA8B9C /* Custom Models.swift in Sources */,
				CF08D34428AA887C002F30CE /* BuiltinSounds.swift in Sources */,
				CF391D4B28B0892600026B70 /* OptionsView.swift in Sources */,
				CF66A6EC28D95F96001C379B /* LayeredSoundView.swift in Sources */,
				CF644E9E28B1BF9700270901 /* DebugView.swift in Sources */,
				CF612EA328AB6C6200AA8B9C /* AudioHandler.swift in Sources */,
				CF08D2D628AA62EC002F30CE /* RelaxAppApp.swift in Sources */,
				CF66A6F028D97F62001C379B /* MixerButton.swift in Sources */,
				CF08D30428AA63C2002F30CE /* NoiseBlock.swift in Sources */,
				CF7A07CE28D557420048B5D1 /* TrackListScrollView.swift in Sources */,
			);
			runOnlyForDeploymentPostprocessing = 0;
		};
		CF391D2F28AF852500026B70 /* Sources */ = {
			isa = PBXSourcesBuildPhase;
			buildActionMask = 2147483647;
			files = (
				CF391D3E28AF85A100026B70 /* PlayBackBar.swift in Sources */,
				CF391D4428AF85A100026B70 /* BuiltinSounds.swift in Sources */,
				CF391D4628AF85A100026B70 /* SoundDetailView.swift in Sources */,
				CFBD198A28C86CD200F8C6A3 /* OptionsView.swift in Sources */,
				CF66A6CF28D82E6A001C379B /* TrackListScrollView.swift in Sources */,
				CF391D4028AF85A100026B70 /* RootView.swift in Sources */,
				CFBD198828C86CC600F8C6A3 /* GyroManager.swift in Sources */,
				CF391D4328AF85A100026B70 /* Custom Models.swift in Sources */,
				CF391D4128AF85A100026B70 /* StateManager.swift in Sources */,
				CF391D3F28AF85A100026B70 /* AudioHandler.swift in Sources */,
				CF391D4228AF85A100026B70 /* TrackListView.swift in Sources */,
				CF66A6ED28D95FBA001C379B /* LayeredSoundView.swift in Sources */,
				CF391D3C28AF85A100026B70 /* NoiseBlock.swift in Sources */,
				CFBD198928C86CCD00F8C6A3 /* DebugView.swift in Sources */,
				CF391D4728AF85A100026B70 /* RelaxAppApp.swift in Sources */,
				CF391D3628AF852500026B70 /* UnitTests.swift in Sources */,
			);
			runOnlyForDeploymentPostprocessing = 0;
		};
		CFBD196228C8580D00F8C6A3 /* Sources */ = {
			isa = PBXSourcesBuildPhase;
			buildActionMask = 2147483647;
			files = (
				CFBD197728C8582A00F8C6A3 /* TrackListView.swift in Sources */,
				CFBD197828C8582C00F8C6A3 /* BuiltinSounds.swift in Sources */,
				CFBD196B28C8580D00F8C6A3 /* RelaxAppUITestsLaunchTests.swift in Sources */,
				CFBD197C28C8582F00F8C6A3 /* StateManager.swift in Sources */,
				CFBD196928C8580D00F8C6A3 /* RelaxAppUITests.swift in Sources */,
				CFBD197B28C8582F00F8C6A3 /* GyroManager.swift in Sources */,
				CFBD197628C8582A00F8C6A3 /* RelaxAppApp.swift in Sources */,
				CFBD197D28C8583200F8C6A3 /* AudioHandler.swift in Sources */,
				CFBD197428C8582A00F8C6A3 /* PlayBackBar.swift in Sources */,
				CFBD197128C8582A00F8C6A3 /* RootView.swift in Sources */,
				CFBD197228C8582A00F8C6A3 /* OptionsView.swift in Sources */,
				CFBD197328C8582A00F8C6A3 /* NoiseBlock.swift in Sources */,
				CF66A6EE28D95FBA001C379B /* LayeredSoundView.swift in Sources */,
				CFBD197A28C8582F00F8C6A3 /* Custom Models.swift in Sources */,
				CFBD197528C8582A00F8C6A3 /* SoundDetailView.swift in Sources */,
				CFBD197928C8582C00F8C6A3 /* DebugView.swift in Sources */,
				CF66A6D028D82E6A001C379B /* TrackListScrollView.swift in Sources */,
			);
			runOnlyForDeploymentPostprocessing = 0;
		};
/* End PBXSourcesBuildPhase section */

/* Begin PBXTargetDependency section */
		CF391D3828AF852500026B70 /* PBXTargetDependency */ = {
			isa = PBXTargetDependency;
			target = CF08D2D128AA62EC002F30CE /* RelaxApp */;
			targetProxy = CF391D3728AF852500026B70 /* PBXContainerItemProxy */;
		};
		CFBD196D28C8580D00F8C6A3 /* PBXTargetDependency */ = {
			isa = PBXTargetDependency;
			target = CF08D2D128AA62EC002F30CE /* RelaxApp */;
			targetProxy = CFBD196C28C8580D00F8C6A3 /* PBXContainerItemProxy */;
		};
/* End PBXTargetDependency section */

/* Begin XCBuildConfiguration section */
		CF08D2F428AA62ED002F30CE /* Debug */ = {
			isa = XCBuildConfiguration;
			buildSettings = {
				ALWAYS_SEARCH_USER_PATHS = NO;
				CLANG_ANALYZER_NONNULL = YES;
				CLANG_ANALYZER_NUMBER_OBJECT_CONVERSION = YES_AGGRESSIVE;
				CLANG_CXX_LANGUAGE_STANDARD = "gnu++17";
				CLANG_ENABLE_MODULES = YES;
				CLANG_ENABLE_OBJC_ARC = YES;
				CLANG_ENABLE_OBJC_WEAK = YES;
				CLANG_WARN_BLOCK_CAPTURE_AUTORELEASING = YES;
				CLANG_WARN_BOOL_CONVERSION = YES;
				CLANG_WARN_COMMA = YES;
				CLANG_WARN_CONSTANT_CONVERSION = YES;
				CLANG_WARN_DEPRECATED_OBJC_IMPLEMENTATIONS = YES;
				CLANG_WARN_DIRECT_OBJC_ISA_USAGE = YES_ERROR;
				CLANG_WARN_DOCUMENTATION_COMMENTS = YES;
				CLANG_WARN_EMPTY_BODY = YES;
				CLANG_WARN_ENUM_CONVERSION = YES;
				CLANG_WARN_INFINITE_RECURSION = YES;
				CLANG_WARN_INT_CONVERSION = YES;
				CLANG_WARN_NON_LITERAL_NULL_CONVERSION = YES;
				CLANG_WARN_OBJC_IMPLICIT_RETAIN_SELF = YES;
				CLANG_WARN_OBJC_LITERAL_CONVERSION = YES;
				CLANG_WARN_OBJC_ROOT_CLASS = YES_ERROR;
				CLANG_WARN_QUOTED_INCLUDE_IN_FRAMEWORK_HEADER = YES;
				CLANG_WARN_RANGE_LOOP_ANALYSIS = YES;
				CLANG_WARN_STRICT_PROTOTYPES = YES;
				CLANG_WARN_SUSPICIOUS_MOVE = YES;
				CLANG_WARN_UNGUARDED_AVAILABILITY = YES_AGGRESSIVE;
				CLANG_WARN_UNREACHABLE_CODE = YES;
				CLANG_WARN__DUPLICATE_METHOD_MATCH = YES;
				COPY_PHASE_STRIP = NO;
				DEBUG_INFORMATION_FORMAT = dwarf;
				ENABLE_STRICT_OBJC_MSGSEND = YES;
				ENABLE_TESTABILITY = YES;
				GCC_C_LANGUAGE_STANDARD = gnu11;
				GCC_DYNAMIC_NO_PIC = NO;
				GCC_NO_COMMON_BLOCKS = YES;
				GCC_OPTIMIZATION_LEVEL = 0;
				GCC_PREPROCESSOR_DEFINITIONS = (
					"DEBUG=1",
					"$(inherited)",
				);
				GCC_WARN_64_TO_32_BIT_CONVERSION = YES;
				GCC_WARN_ABOUT_RETURN_TYPE = YES_ERROR;
				GCC_WARN_UNDECLARED_SELECTOR = YES;
				GCC_WARN_UNINITIALIZED_AUTOS = YES_AGGRESSIVE;
				GCC_WARN_UNUSED_FUNCTION = YES;
				GCC_WARN_UNUSED_VARIABLE = YES;
				IPHONEOS_DEPLOYMENT_TARGET = 16.0;
				MTL_ENABLE_DEBUG_INFO = INCLUDE_SOURCE;
				MTL_FAST_MATH = YES;
				ONLY_ACTIVE_ARCH = YES;
				SDKROOT = iphoneos;
				SWIFT_ACTIVE_COMPILATION_CONDITIONS = DEBUG;
				SWIFT_OPTIMIZATION_LEVEL = "-Onone";
			};
			name = Debug;
		};
		CF08D2F528AA62ED002F30CE /* Release */ = {
			isa = XCBuildConfiguration;
			buildSettings = {
				ALWAYS_SEARCH_USER_PATHS = NO;
				CLANG_ANALYZER_NONNULL = YES;
				CLANG_ANALYZER_NUMBER_OBJECT_CONVERSION = YES_AGGRESSIVE;
				CLANG_CXX_LANGUAGE_STANDARD = "gnu++17";
				CLANG_ENABLE_MODULES = YES;
				CLANG_ENABLE_OBJC_ARC = YES;
				CLANG_ENABLE_OBJC_WEAK = YES;
				CLANG_WARN_BLOCK_CAPTURE_AUTORELEASING = YES;
				CLANG_WARN_BOOL_CONVERSION = YES;
				CLANG_WARN_COMMA = YES;
				CLANG_WARN_CONSTANT_CONVERSION = YES;
				CLANG_WARN_DEPRECATED_OBJC_IMPLEMENTATIONS = YES;
				CLANG_WARN_DIRECT_OBJC_ISA_USAGE = YES_ERROR;
				CLANG_WARN_DOCUMENTATION_COMMENTS = YES;
				CLANG_WARN_EMPTY_BODY = YES;
				CLANG_WARN_ENUM_CONVERSION = YES;
				CLANG_WARN_INFINITE_RECURSION = YES;
				CLANG_WARN_INT_CONVERSION = YES;
				CLANG_WARN_NON_LITERAL_NULL_CONVERSION = YES;
				CLANG_WARN_OBJC_IMPLICIT_RETAIN_SELF = YES;
				CLANG_WARN_OBJC_LITERAL_CONVERSION = YES;
				CLANG_WARN_OBJC_ROOT_CLASS = YES_ERROR;
				CLANG_WARN_QUOTED_INCLUDE_IN_FRAMEWORK_HEADER = YES;
				CLANG_WARN_RANGE_LOOP_ANALYSIS = YES;
				CLANG_WARN_STRICT_PROTOTYPES = YES;
				CLANG_WARN_SUSPICIOUS_MOVE = YES;
				CLANG_WARN_UNGUARDED_AVAILABILITY = YES_AGGRESSIVE;
				CLANG_WARN_UNREACHABLE_CODE = YES;
				CLANG_WARN__DUPLICATE_METHOD_MATCH = YES;
				COPY_PHASE_STRIP = NO;
				DEBUG_INFORMATION_FORMAT = "dwarf-with-dsym";
				ENABLE_NS_ASSERTIONS = NO;
				ENABLE_STRICT_OBJC_MSGSEND = YES;
				GCC_C_LANGUAGE_STANDARD = gnu11;
				GCC_NO_COMMON_BLOCKS = YES;
				GCC_WARN_64_TO_32_BIT_CONVERSION = YES;
				GCC_WARN_ABOUT_RETURN_TYPE = YES_ERROR;
				GCC_WARN_UNDECLARED_SELECTOR = YES;
				GCC_WARN_UNINITIALIZED_AUTOS = YES_AGGRESSIVE;
				GCC_WARN_UNUSED_FUNCTION = YES;
				GCC_WARN_UNUSED_VARIABLE = YES;
				IPHONEOS_DEPLOYMENT_TARGET = 16.0;
				MTL_ENABLE_DEBUG_INFO = NO;
				MTL_FAST_MATH = YES;
				SDKROOT = iphoneos;
				SWIFT_COMPILATION_MODE = wholemodule;
				SWIFT_OPTIMIZATION_LEVEL = "-O";
				VALIDATE_PRODUCT = YES;
			};
			name = Release;
		};
		CF08D2F728AA62ED002F30CE /* Debug */ = {
			isa = XCBuildConfiguration;
			buildSettings = {
				ASSETCATALOG_COMPILER_APPICON_NAME = AppIcon;
				ASSETCATALOG_COMPILER_GLOBAL_ACCENT_COLOR_NAME = AccentColor;
				CODE_SIGN_ENTITLEMENTS = RelaxApp/RelaxApp.entitlements;
				CODE_SIGN_STYLE = Automatic;
				CURRENT_PROJECT_VERSION = 1;
				DEVELOPMENT_ASSET_PATHS = "\"RelaxApp/Preview Content\"";
				DEVELOPMENT_TEAM = 3KGQYCYXPG;
				ENABLE_PREVIEWS = YES;
				GENERATE_INFOPLIST_FILE = YES;
				INFOPLIST_FILE = RelaxApp/Info.plist;
				INFOPLIST_KEY_UIApplicationSupportsIndirectInputEvents = YES;
				INFOPLIST_KEY_UILaunchScreen_Generation = YES;
				INFOPLIST_KEY_UIStatusBarHidden = YES;
				INFOPLIST_KEY_UISupportedInterfaceOrientations = UIInterfaceOrientationPortrait;
				INFOPLIST_KEY_UISupportedInterfaceOrientations_iPad = "UIInterfaceOrientationLandscapeLeft UIInterfaceOrientationLandscapeRight UIInterfaceOrientationPortrait UIInterfaceOrientationPortraitUpsideDown";
				IPHONEOS_DEPLOYMENT_TARGET = 16.0;
				LD_RUNPATH_SEARCH_PATHS = (
					"$(inherited)",
					"@executable_path/Frameworks",
				);
				MARKETING_VERSION = 0.3;
				PRODUCT_BUNDLE_IDENTIFIER = lydess.RelaxApp;
				PRODUCT_NAME = "$(TARGET_NAME)";
				SUPPORTED_PLATFORMS = "iphoneos iphonesimulator";
				SUPPORTS_MACCATALYST = NO;
				SUPPORTS_MAC_DESIGNED_FOR_IPHONE_IPAD = YES;
				SWIFT_EMIT_LOC_STRINGS = YES;
				SWIFT_VERSION = 5.0;
				TARGETED_DEVICE_FAMILY = "1,2";
			};
			name = Debug;
		};
		CF08D2F828AA62ED002F30CE /* Release */ = {
			isa = XCBuildConfiguration;
			buildSettings = {
				ASSETCATALOG_COMPILER_APPICON_NAME = AppIcon;
				ASSETCATALOG_COMPILER_GLOBAL_ACCENT_COLOR_NAME = AccentColor;
				CODE_SIGN_ENTITLEMENTS = RelaxApp/RelaxApp.entitlements;
				CODE_SIGN_STYLE = Automatic;
				CURRENT_PROJECT_VERSION = 1;
				DEVELOPMENT_ASSET_PATHS = "\"RelaxApp/Preview Content\"";
				DEVELOPMENT_TEAM = 3KGQYCYXPG;
				ENABLE_PREVIEWS = YES;
				GENERATE_INFOPLIST_FILE = YES;
				INFOPLIST_FILE = RelaxApp/Info.plist;
				INFOPLIST_KEY_UIApplicationSupportsIndirectInputEvents = YES;
				INFOPLIST_KEY_UILaunchScreen_Generation = YES;
				INFOPLIST_KEY_UIStatusBarHidden = YES;
				INFOPLIST_KEY_UISupportedInterfaceOrientations = UIInterfaceOrientationPortrait;
				INFOPLIST_KEY_UISupportedInterfaceOrientations_iPad = "UIInterfaceOrientationLandscapeLeft UIInterfaceOrientationLandscapeRight UIInterfaceOrientationPortrait UIInterfaceOrientationPortraitUpsideDown";
				IPHONEOS_DEPLOYMENT_TARGET = 16.0;
				LD_RUNPATH_SEARCH_PATHS = (
					"$(inherited)",
					"@executable_path/Frameworks",
				);
				MARKETING_VERSION = 0.3;
				PRODUCT_BUNDLE_IDENTIFIER = lydess.RelaxApp;
				PRODUCT_NAME = "$(TARGET_NAME)";
				SUPPORTED_PLATFORMS = "iphoneos iphonesimulator";
				SUPPORTS_MACCATALYST = NO;
				SUPPORTS_MAC_DESIGNED_FOR_IPHONE_IPAD = YES;
				SWIFT_EMIT_LOC_STRINGS = YES;
				SWIFT_VERSION = 5.0;
				TARGETED_DEVICE_FAMILY = "1,2";
			};
			name = Release;
		};
		CF391D3A28AF852500026B70 /* Debug */ = {
			isa = XCBuildConfiguration;
			buildSettings = {
				BUNDLE_LOADER = "$(TEST_HOST)";
				CODE_SIGN_STYLE = Automatic;
				CURRENT_PROJECT_VERSION = 1;
				DEVELOPMENT_TEAM = 3KGQYCYXPG;
				GENERATE_INFOPLIST_FILE = YES;
				MARKETING_VERSION = 1.0;
				PRODUCT_BUNDLE_IDENTIFIER = lydess.UnitTests;
				PRODUCT_NAME = "$(TARGET_NAME)";
				SWIFT_EMIT_LOC_STRINGS = NO;
				SWIFT_VERSION = 5.0;
				TARGETED_DEVICE_FAMILY = "1,2";
				TEST_HOST = "$(BUILT_PRODUCTS_DIR)/RelaxApp.app/RelaxApp";
			};
			name = Debug;
		};
		CF391D3B28AF852500026B70 /* Release */ = {
			isa = XCBuildConfiguration;
			buildSettings = {
				BUNDLE_LOADER = "$(TEST_HOST)";
				CODE_SIGN_STYLE = Automatic;
				CURRENT_PROJECT_VERSION = 1;
				DEVELOPMENT_TEAM = 3KGQYCYXPG;
				GENERATE_INFOPLIST_FILE = YES;
				MARKETING_VERSION = 1.0;
				PRODUCT_BUNDLE_IDENTIFIER = lydess.UnitTests;
				PRODUCT_NAME = "$(TARGET_NAME)";
				SWIFT_EMIT_LOC_STRINGS = NO;
				SWIFT_VERSION = 5.0;
				TARGETED_DEVICE_FAMILY = "1,2";
				TEST_HOST = "$(BUILT_PRODUCTS_DIR)/RelaxApp.app/RelaxApp";
			};
			name = Release;
		};
		CFBD196F28C8580D00F8C6A3 /* Debug */ = {
			isa = XCBuildConfiguration;
			buildSettings = {
				CODE_SIGN_STYLE = Automatic;
				CURRENT_PROJECT_VERSION = 1;
				DEVELOPMENT_TEAM = 3KGQYCYXPG;
				GENERATE_INFOPLIST_FILE = YES;
				MARKETING_VERSION = 1.0;
				PRODUCT_BUNDLE_IDENTIFIER = lydess.RelaxAppUITests;
				PRODUCT_NAME = "$(TARGET_NAME)";
				SWIFT_EMIT_LOC_STRINGS = NO;
				SWIFT_VERSION = 5.0;
				TARGETED_DEVICE_FAMILY = "1,2";
				TEST_TARGET_NAME = RelaxApp;
			};
			name = Debug;
		};
		CFBD197028C8580D00F8C6A3 /* Release */ = {
			isa = XCBuildConfiguration;
			buildSettings = {
				CODE_SIGN_STYLE = Automatic;
				CURRENT_PROJECT_VERSION = 1;
				DEVELOPMENT_TEAM = 3KGQYCYXPG;
				GENERATE_INFOPLIST_FILE = YES;
				MARKETING_VERSION = 1.0;
				PRODUCT_BUNDLE_IDENTIFIER = lydess.RelaxAppUITests;
				PRODUCT_NAME = "$(TARGET_NAME)";
				SWIFT_EMIT_LOC_STRINGS = NO;
				SWIFT_VERSION = 5.0;
				TARGETED_DEVICE_FAMILY = "1,2";
				TEST_TARGET_NAME = RelaxApp;
			};
			name = Release;
		};
/* End XCBuildConfiguration section */

/* Begin XCConfigurationList section */
		CF08D2CD28AA62EC002F30CE /* Build configuration list for PBXProject "RelaxApp" */ = {
			isa = XCConfigurationList;
			buildConfigurations = (
				CF08D2F428AA62ED002F30CE /* Debug */,
				CF08D2F528AA62ED002F30CE /* Release */,
			);
			defaultConfigurationIsVisible = 0;
			defaultConfigurationName = Release;
		};
		CF08D2F628AA62ED002F30CE /* Build configuration list for PBXNativeTarget "RelaxApp" */ = {
			isa = XCConfigurationList;
			buildConfigurations = (
				CF08D2F728AA62ED002F30CE /* Debug */,
				CF08D2F828AA62ED002F30CE /* Release */,
			);
			defaultConfigurationIsVisible = 0;
			defaultConfigurationName = Release;
		};
		CF391D3928AF852500026B70 /* Build configuration list for PBXNativeTarget "UnitTests" */ = {
			isa = XCConfigurationList;
			buildConfigurations = (
				CF391D3A28AF852500026B70 /* Debug */,
				CF391D3B28AF852500026B70 /* Release */,
			);
			defaultConfigurationIsVisible = 0;
			defaultConfigurationName = Release;
		};
		CFBD196E28C8580D00F8C6A3 /* Build configuration list for PBXNativeTarget "RelaxAppUITests" */ = {
			isa = XCConfigurationList;
			buildConfigurations = (
				CFBD196F28C8580D00F8C6A3 /* Debug */,
				CFBD197028C8580D00F8C6A3 /* Release */,
			);
			defaultConfigurationIsVisible = 0;
			defaultConfigurationName = Release;
		};
/* End XCConfigurationList section */

/* Begin XCRemoteSwiftPackageReference section */
		CF49E23C28DAB9370073D201 /* XCRemoteSwiftPackageReference "Popovers" */ = {
			isa = XCRemoteSwiftPackageReference;
			repositoryURL = "https://github.com/aheze/Popovers";
			requirement = {
				kind = upToNextMajorVersion;
				minimumVersion = 1.0.0;
			};
		};
/* End XCRemoteSwiftPackageReference section */

/* Begin XCSwiftPackageProductDependency section */
		CF49E23D28DAB9370073D201 /* Popovers */ = {
			isa = XCSwiftPackageProductDependency;
			package = CF49E23C28DAB9370073D201 /* XCRemoteSwiftPackageReference "Popovers" */;
			productName = Popovers;
		};
/* End XCSwiftPackageProductDependency section */
	};
	rootObject = CF08D2CA28AA62EC002F30CE /* Project object */;
}
